
Microsoft Visual Studio Solution File, Format Version 12.00
# Visual Studio 15
VisualStudioVersion = 15.0.27130.2036
MinimumVisualStudioVersion = 10.0.40219.1
Project("{9A19103F-16F7-4668-BE54-9A1E7A4F7556}") = "TelegramToRss", "TelegramToRss\TelegramToRss.csproj", "{EA1AF034-3AF3-4DE1-AC19-03D2BDE1E69A}"
EndProject
Global
	GlobalSection(SolutionConfigurationPlatforms) = preSolution
		Debug|Any CPU = Debug|Any CPU
		Release|Any CPU = Release|Any CPU
	EndGlobalSection
	GlobalSection(ProjectConfigurationPlatforms) = postSolution
		{EA1AF034-3AF3-4DE1-AC19-03D2BDE1E69A}.Debug|Any CPU.ActiveCfg = Debug|Any CPU
		{EA1AF034-3AF3-4DE1-AC19-03D2BDE1E69A}.Debug|Any CPU.Build.0 = Debug|Any CPU
		{EA1AF034-3AF3-4DE1-AC19-03D2BDE1E69A}.Release|Any CPU.ActiveCfg = Release|Any CPU
		{EA1AF034-3AF3-4DE1-AC19-03D2BDE1E69A}.Release|Any CPU.Build.0 = Release|Any CPU
	EndGlobalSection
	GlobalSection(SolutionProperties) = preSolution
		HideSolutionNode = FALSE
	EndGlobalSection
	GlobalSection(ExtensibilityGlobals) = postSolution
		SolutionGuid = {9ECD696C-60BE-4FC2-AF00-0F9E93F94A2E}
	EndGlobalSection
EndGlobal
